// !$*UTF8*$!
{
	archiveVersion = 1;
	classes = {
	};
	objectVersion = 46;
	objects = {

/* Begin PBXBuildFile section */
		518334661B43863B00BB0ED4 /* AppDelegate.swift in Sources */ = {isa = PBXBuildFile; fileRef = 518334651B43863B00BB0ED4 /* AppDelegate.swift */; };
		518334681B43863B00BB0ED4 /* ViewController.swift in Sources */ = {isa = PBXBuildFile; fileRef = 518334671B43863B00BB0ED4 /* ViewController.swift */; };
		5183346B1B43863B00BB0ED4 /* Main.storyboard in Resources */ = {isa = PBXBuildFile; fileRef = 518334691B43863B00BB0ED4 /* Main.storyboard */; };
		5183346D1B43863B00BB0ED4 /* Images.xcassets in Resources */ = {isa = PBXBuildFile; fileRef = 5183346C1B43863B00BB0ED4 /* Images.xcassets */; };
		518334701B43863B00BB0ED4 /* LaunchScreen.xib in Resources */ = {isa = PBXBuildFile; fileRef = 5183346E1B43863B00BB0ED4 /* LaunchScreen.xib */; };
		5183347C1B43863B00BB0ED4 /* CalculatorTests.swift in Sources */ = {isa = PBXBuildFile; fileRef = 5183347B1B43863B00BB0ED4 /* CalculatorTests.swift */; };
/* End PBXBuildFile section */

/* Begin PBXContainerItemProxy section */
		518334761B43863B00BB0ED4 /* PBXContainerItemProxy */ = {
			isa = PBXContainerItemProxy;
			containerPortal = 518334581B43863B00BB0ED4 /* Project object */;
			proxyType = 1;
			remoteGlobalIDString = 5183345F1B43863B00BB0ED4;
			remoteInfo = Calculator;
		};
/* End PBXContainerItemProxy section */

/* Begin PBXFileReference section */
		518334601B43863B00BB0ED4 /* Calculator.app */ = {isa = PBXFileReference; explicitFileType = wrapper.application; includeInIndex = 0; path = Calculator.app; sourceTree = BUILT_PRODUCTS_DIR; };
		518334641B43863B00BB0ED4 /* Info.plist */ = {isa = PBXFileReference; lastKnownFileType = text.plist.xml; path = Info.plist; sourceTree = "<group>"; };
		518334651B43863B00BB0ED4 /* AppDelegate.swift */ = {isa = PBXFileReference; lastKnownFileType = sourcecode.swift; path = AppDelegate.swift; sourceTree = "<group>"; };
		518334671B43863B00BB0ED4 /* ViewController.swift */ = {isa = PBXFileReference; lastKnownFileType = sourcecode.swift; path = ViewController.swift; sourceTree = "<group>"; };
		5183346A1B43863B00BB0ED4 /* Base */ = {isa = PBXFileReference; lastKnownFileType = file.storyboard; name = Base; path = Base.lproj/Main.storyboard; sourceTree = "<group>"; };
		5183346C1B43863B00BB0ED4 /* Images.xcassets */ = {isa = PBXFileReference; lastKnownFileType = folder.assetcatalog; path = Images.xcassets; sourceTree = "<group>"; };
		5183346F1B43863B00BB0ED4 /* Base */ = {isa = PBXFileReference; lastKnownFileType = file.xib; name = Base; path = Base.lproj/LaunchScreen.xib; sourceTree = "<group>"; };
		518334751B43863B00BB0ED4 /* CalculatorTests.xctest */ = {isa = PBXFileReference; explicitFileType = wrapper.cfbundle; includeInIndex = 0; path = CalculatorTests.xctest; sourceTree = BUILT_PRODUCTS_DIR; };
		5183347A1B43863B00BB0ED4 /* Info.plist */ = {isa = PBXFileReference; lastKnownFileType = text.plist.xml; path = Info.plist; sourceTree = "<group>"; };
		5183347B1B43863B00BB0ED4 /* CalculatorTests.swift */ = {isa = PBXFileReference; lastKnownFileType = sourcecode.swift; path = CalculatorTests.swift; sourceTree = "<group>"; };
/* End PBXFileReference section */

/* Begin PBXFrameworksBuildPhase section */
		5183345D1B43863B00BB0ED4 /* Frameworks */ = {
			isa = PBXFrameworksBuildPhase;
			buildActionMask = 2147483647;
			files = (
			);
			runOnlyForDeploymentPostprocessing = 0;
		};
		518334721B43863B00BB0ED4 /* Frameworks */ = {
			isa = PBXFrameworksBuildPhase;
			buildActionMask = 2147483647;
			files = (
			);
			runOnlyForDeploymentPostprocessing = 0;
		};
/* End PBXFrameworksBuildPhase section */

/* Begin PBXGroup section */
		518334571B43863B00BB0ED4 = {
			isa = PBXGroup;
			children = (
				518334621B43863B00BB0ED4 /* Calculator */,
				518334781B43863B00BB0ED4 /* CalculatorTests */,
				518334611B43863B00BB0ED4 /* Products */,
			);
			sourceTree = "<group>";
		};
		518334611B43863B00BB0ED4 /* Products */ = {
			isa = PBXGroup;
			children = (
				518334601B43863B00BB0ED4 /* Calculator.app */,
				518334751B43863B00BB0ED4 /* CalculatorTests.xctest */,
			);
			name = Products;
			sourceTree = "<group>";
		};
		518334621B43863B00BB0ED4 /* Calculator */ = {
			isa = PBXGroup;
			children = (
				518334671B43863B00BB0ED4 /* ViewController.swift */,
				518334691B43863B00BB0ED4 /* Main.storyboard */,
				518334631B43863B00BB0ED4 /* Supporting Files */,
			);
			path = Calculator;
			sourceTree = "<group>";
		};
		518334631B43863B00BB0ED4 /* Supporting Files */ = {
			isa = PBXGroup;
			children = (
				5183346E1B43863B00BB0ED4 /* LaunchScreen.xib */,
				5183346C1B43863B00BB0ED4 /* Images.xcassets */,
				518334651B43863B00BB0ED4 /* AppDelegate.swift */,
				518334641B43863B00BB0ED4 /* Info.plist */,
			);
			name = "Supporting Files";
			sourceTree = "<group>";
		};
		518334781B43863B00BB0ED4 /* CalculatorTests */ = {
			isa = PBXGroup;
			children = (
				5183347B1B43863B00BB0ED4 /* CalculatorTests.swift */,
				518334791B43863B00BB0ED4 /* Supporting Files */,
			);
			path = CalculatorTests;
			sourceTree = "<group>";
		};
		518334791B43863B00BB0ED4 /* Supporting Files */ = {
			isa = PBXGroup;
			children = (
				5183347A1B43863B00BB0ED4 /* Info.plist */,
			);
			name = "Supporting Files";
			sourceTree = "<group>";
		};
/* End PBXGroup section */

/* Begin PBXNativeTarget section */
		5183345F1B43863B00BB0ED4 /* Calculator */ = {
			isa = PBXNativeTarget;
			buildConfigurationList = 5183347F1B43863B00BB0ED4 /* Build configuration list for PBXNativeTarget "Calculator" */;
			buildPhases = (
				5183345C1B43863B00BB0ED4 /* Sources */,
				5183345D1B43863B00BB0ED4 /* Frameworks */,
				5183345E1B43863B00BB0ED4 /* Resources */,
			);
			buildRules = (
			);
			dependencies = (
			);
			name = Calculator;
			productName = Calculator;
			productReference = 518334601B43863B00BB0ED4 /* Calculator.app */;
			productType = "com.apple.product-type.application";
		};
		518334741B43863B00BB0ED4 /* CalculatorTests */ = {
			isa = PBXNativeTarget;
			buildConfigurationList = 518334821B43863B00BB0ED4 /* Build configuration list for PBXNativeTarget "CalculatorTests" */;
			buildPhases = (
				518334711B43863B00BB0ED4 /* Sources */,
				518334721B43863B00BB0ED4 /* Frameworks */,
				518334731B43863B00BB0ED4 /* Resources */,
			);
			buildRules = (
			);
			dependencies = (
				518334771B43863B00BB0ED4 /* PBXTargetDependency */,
			);
			name = CalculatorTests;
			productName = CalculatorTests;
			productReference = 518334751B43863B00BB0ED4 /* CalculatorTests.xctest */;
			productType = "com.apple.product-type.bundle.unit-test";
		};
/* End PBXNativeTarget section */

/* Begin PBXProject section */
		518334581B43863B00BB0ED4 /* Project object */ = {
			isa = PBXProject;
			attributes = {
				LastUpgradeCheck = 0630;
				ORGANIZATIONNAME = "Bobby Smith";
				TargetAttributes = {
					5183345F1B43863B00BB0ED4 = {
						CreatedOnToolsVersion = 6.3.2;
					};
					518334741B43863B00BB0ED4 = {
						CreatedOnToolsVersion = 6.3.2;
						TestTargetID = 5183345F1B43863B00BB0ED4;
					};
				};
			};
			buildConfigurationList = 5183345B1B43863B00BB0ED4 /* Build configuration list for PBXProject "Calculator" */;
			compatibilityVersion = "Xcode 3.2";
			developmentRegion = English;
			hasScannedForEncodings = 0;
			knownRegions = (
				en,
				Base,
			);
			mainGroup = 518334571B43863B00BB0ED4;
			productRefGroup = 518334611B43863B00BB0ED4 /* Products */;
			projectDirPath = "";
			projectRoot = "";
			targets = (
				5183345F1B43863B00BB0ED4 /* Calculator */,
				518334741B43863B00BB0ED4 /* CalculatorTests */,
			);
		};
/* End PBXProject section */

/* Begin PBXResourcesBuildPhase section */
		5183345E1B43863B00BB0ED4 /* Resources */ = {
			isa = PBXResourcesBuildPhase;
			buildActionMask = 2147483647;
			files = (
				5183346B1B43863B00BB0ED4 /* Main.storyboard in Resources */,
				518334701B43863B00BB0ED4 /* LaunchScreen.xib in Resources */,
				5183346D1B43863B00BB0ED4 /* Images.xcassets in Resources */,
			);
			runOnlyForDeploymentPostprocessing = 0;
		};
		518334731B43863B00BB0ED4 /* Resources */ = {
			isa = PBXResourcesBuildPhase;
			buildActionMask = 2147483647;
			files = (
			);
			runOnlyForDeploymentPostprocessing = 0;
		};
/* End PBXResourcesBuildPhase section */

/* Begin PBXSourcesBuildPhase section */
		5183345C1B43863B00BB0ED4 /* Sources */ = {
			isa = PBXSourcesBuildPhase;
			buildActionMask = 2147483647;
			files = (
				518334681B43863B00BB0ED4 /* ViewController.swift in Sources */,
				518334661B43863B00BB0ED4 /* AppDelegate.swift in Sources */,
			);
			runOnlyForDeploymentPostprocessing = 0;
		};
		518334711B43863B00BB0ED4 /* Sources */ = {
			isa = PBXSourcesBuildPhase;
			buildActionMask = 2147483647;
			files = (
				5183347C1B43863B00BB0ED4 /* CalculatorTests.swift in Sources */,
			);
			runOnlyForDeploymentPostprocessing = 0;
		};
/* End PBXSourcesBuildPhase section */

/* Begin PBXTargetDependency section */
		518334771B43863B00BB0ED4 /* PBXTargetDependency */ = {
			isa = PBXTargetDependency;
			target = 5183345F1B43863B00BB0ED4 /* Calculator */;
			targetProxy = 518334761B43863B00BB0ED4 /* PBXContainerItemProxy */;
		};
/* End PBXTargetDependency section */

/* Begin PBXVariantGroup section */
		518334691B43863B00BB0ED4 /* Main.storyboard */ = {
			isa = PBXVariantGroup;
			children = (
				5183346A1B43863B00BB0ED4 /* Base */,
			);
			name = Main.storyboard;
			sourceTree = "<group>";
		};
		5183346E1B43863B00BB0ED4 /* LaunchScreen.xib */ = {
			isa = PBXVariantGroup;
			children = (
				5183346F1B43863B00BB0ED4 /* Base */,
			);
			name = LaunchScreen.xib;
			sourceTree = "<group>";
		};
/* End PBXVariantGroup section */

/* Begin XCBuildConfiguration section */
		5183347D1B43863B00BB0ED4 /* Debug */ = {
			isa = XCBuildConfiguration;
			buildSettings = {
				ALWAYS_SEARCH_USER_PATHS = NO;
				CLANG_CXX_LANGUAGE_STANDARD = "gnu++0x";
				CLANG_CXX_LIBRARY = "libc++";
				CLANG_ENABLE_MODULES = YES;
				CLANG_ENABLE_OBJC_ARC = YES;
				CLANG_WARN_BOOL_CONVERSION = YES;
				CLANG_WARN_CONSTANT_CONVERSION = YES;
				CLANG_WARN_DIRECT_OBJC_ISA_USAGE = YES_ERROR;
				CLANG_WARN_EMPTY_BODY = YES;
				CLANG_WARN_ENUM_CONVERSION = YES;
				CLANG_WARN_INT_CONVERSION = YES;
				CLANG_WARN_OBJC_ROOT_CLASS = YES_ERROR;
				CLANG_WARN_UNREACHABLE_CODE = YES;
				CLANG_WARN__DUPLICATE_METHOD_MATCH = YES;
				"CODE_SIGN_IDENTITY[sdk=iphoneos*]" = "iPhone Developer";
				COPY_PHASE_STRIP = NO;
				DEBUG_INFORMATION_FORMAT = "dwarf-with-dsym";
				ENABLE_STRICT_OBJC_MSGSEND = YES;
				GCC_C_LANGUAGE_STANDARD = gnu99;
				GCC_DYNAMIC_NO_PIC = NO;
				GCC_NO_COMMON_BLOCKS = YES;
				GCC_OPTIMIZATION_LEVEL = 0;
				GCC_PREPROCESSOR_DEFINITIONS = (
					"DEBUG=1",
					"$(inherited)",
				);
				GCC_SYMBOLS_PRIVATE_EXTERN = NO;
				GCC_WARN_64_TO_32_BIT_CONVERSION = YES;
				GCC_WARN_ABOUT_RETURN_TYPE = YES_ERROR;
				GCC_WARN_UNDECLARED_SELECTOR = YES;
				GCC_WARN_UNINITIALIZED_AUTOS = YES_AGGRESSIVE;
				GCC_WARN_UNUSED_FUNCTION = YES;
				GCC_WARN_UNUSED_VARIABLE = YES;
				IPHONEOS_DEPLOYMENT_TARGET = 8.3;
				MTL_ENABLE_DEBUG_INFO = YES;
				ONLY_ACTIVE_ARCH = YES;
				SDKROOT = iphoneos;
				SWIFT_OPTIMIZATION_LEVEL = "-Onone";
				TARGETED_DEVICE_FAMILY = "1,2";
			};
			name = Debug;
		};
		5183347E1B43863B00BB0ED4 /* Release */ = {
			isa = XCBuildConfiguration;
			buildSettings = {
				ALWAYS_SEARCH_USER_PATHS = NO;
				CLANG_CXX_LANGUAGE_STANDARD = "gnu++0x";
				CLANG_CXX_LIBRARY = "libc++";
				CLANG_ENABLE_MODULES = YES;
				CLANG_ENABLE_OBJC_ARC = YES;
				CLANG_WARN_BOOL_CONVERSION = YES;
				CLANG_WARN_CONSTANT_CONVERSION = YES;
				CLANG_WARN_DIRECT_OBJC_ISA_USAGE = YES_ERROR;
				CLANG_WARN_EMPTY_BODY = YES;
				CLANG_WARN_ENUM_CONVERSION = YES;
				CLANG_WARN_INT_CONVERSION = YES;
				CLANG_WARN_OBJC_ROOT_CLASS = YES_ERROR;
				CLANG_WARN_UNREACHABLE_CODE = YES;
				CLANG_WARN__DUPLICATE_METHOD_MATCH = YES;
				"CODE_SIGN_IDENTITY[sdk=iphoneos*]" = "iPhone Developer";
				COPY_PHASE_STRIP = NO;
				DEBUG_INFORMATION_FORMAT = "dwarf-with-dsym";
				ENABLE_NS_ASSERTIONS = NO;
				ENABLE_STRICT_OBJC_MSGSEND = YES;
				GCC_C_LANGUAGE_STANDARD = gnu99;
				GCC_NO_COMMON_BLOCKS = YES;
				GCC_WARN_64_TO_32_BIT_CONVERSION = YES;
				GCC_WARN_ABOUT_RETURN_TYPE = YES_ERROR;
				GCC_WARN_UNDECLARED_SELECTOR = YES;
				GCC_WARN_UNINITIALIZED_AUTOS = YES_AGGRESSIVE;
				GCC_WARN_UNUSED_FUNCTION = YES;
				GCC_WARN_UNUSED_VARIABLE = YES;
				IPHONEOS_DEPLOYMENT_TARGET = 8.3;
				MTL_ENABLE_DEBUG_INFO = NO;
				SDKROOT = iphoneos;
				TARGETED_DEVICE_FAMILY = "1,2";
				VALIDATE_PRODUCT = YES;
			};
			name = Release;
		};
		518334801B43863B00BB0ED4 /* Debug */ = {
			isa = XCBuildConfiguration;
			buildSettings = {
				ASSETCATALOG_COMPILER_APPICON_NAME = AppIcon;
				INFOPLIST_FILE = Calculator/Info.plist;
				LD_RUNPATH_SEARCH_PATHS = "$(inherited) @executable_path/Frameworks";
				PRODUCT_NAME = "$(TARGET_NAME)";
			};
			name = Debug;
		};
		518334811B43863B00BB0ED4 /* Release */ = {
			isa = XCBuildConfiguration;
			buildSettings = {
				ASSETCATALOG_COMPILER_APPICON_NAME = AppIcon;
				INFOPLIST_FILE = Calculator/Info.plist;
				LD_RUNPATH_SEARCH_PATHS = "$(inherited) @executable_path/Frameworks";
				PRODUCT_NAME = "$(TARGET_NAME)";
			};
			name = Release;
		};
		518334831B43863B00BB0ED4 /* Debug */ = {
			isa = XCBuildConfiguration;
			buildSettings = {
				BUNDLE_LOADER = "$(TEST_HOST)";
				FRAMEWORK_SEARCH_PATHS = (
					"$(SDKROOT)/Developer/Library/Frameworks",
					"$(inherited)",
				);
				GCC_PREPROCESSOR_DEFINITIONS = (
					"DEBUG=1",
					"$(inherited)",
				);
				INFOPLIST_FILE = CalculatorTests/Info.plist;
				LD_RUNPATH_SEARCH_PATHS = "$(inherited) @executable_path/Frameworks @loader_path/Frameworks";
				PRODUCT_NAME = "$(TARGET_NAME)";
				TEST_HOST = "$(BUILT_PRODUCTS_DIR)/Calculator.app/Calculator";
			};
			name = Debug;
		};
		518334841B43863B00BB0ED4 /* Release */ = {
			isa = XCBuildConfiguration;
			buildSettings = {
				BUNDLE_LOADER = "$(TEST_HOST)";
				FRAMEWORK_SEARCH_PATHS = (
					"$(SDKROOT)/Developer/Library/Frameworks",
					"$(inherited)",
				);
				INFOPLIST_FILE = CalculatorTests/Info.plist;
				LD_RUNPATH_SEARCH_PATHS = "$(inherited) @executable_path/Frameworks @loader_path/Frameworks";
				PRODUCT_NAME = "$(TARGET_NAME)";
				TEST_HOST = "$(BUILT_PRODUCTS_DIR)/Calculator.app/Calculator";
			};
			name = Release;
		};
/* End XCBuildConfiguration section */

/* Begin XCConfigurationList section */
		5183345B1B43863B00BB0ED4 /* Build configuration list for PBXProject "Calculator" */ = {
			isa = XCConfigurationList;
			buildConfigurations = (
				5183347D1B43863B00BB0ED4 /* Debug */,
				5183347E1B43863B00BB0ED4 /* Release */,
			);
			defaultConfigurationIsVisible = 0;
			defaultConfigurationName = Release;
		};
		5183347F1B43863B00BB0ED4 /* Build configuration list for PBXNativeTarget "Calculator" */ = {
			isa = XCConfigurationList;
			buildConfigurations = (
				518334801B43863B00BB0ED4 /* Debug */,
				518334811B43863B00BB0ED4 /* Release */,
			);
			defaultConfigurationIsVisible = 0;
		};
		518334821B43863B00BB0ED4 /* Build configuration list for PBXNativeTarget "CalculatorTests" */ = {
			isa = XCConfigurationList;
			buildConfigurations = (
				518334831B43863B00BB0ED4 /* Debug */,
				518334841B43863B00BB0ED4 /* Release */,
			);
			defaultConfigurationIsVisible = 0;
		};
/* End XCConfigurationList section */
	};
	rootObject = 518334581B43863B00BB0ED4 /* Project object */;
}
